// !$*UTF8*$!
{
	archiveVersion = 1;
	classes = {
	};
	objectVersion = 46;
	objects = {

/* Begin PBXBuildFile section */
		B9AC65BC1A1144FF00144224 /* NodeCalculator.swift in Sources */ = {isa = PBXBuildFile; fileRef = B9AC65BB1A1144FF00144224 /* NodeCalculator.swift */; };
		B9AC65C11A11557A00144224 /* Shape.swift in Sources */ = {isa = PBXBuildFile; fileRef = B9AC65C01A11557A00144224 /* Shape.swift */; };
		B9DAF4EE1A2CE04A00952A65 /* PrimitiveScene.swift in Sources */ = {isa = PBXBuildFile; fileRef = B9DAF4ED1A2CE04A00952A65 /* PrimitiveScene.swift */; };
		B9DAF4F01A2CE50700952A65 /* SceneKit.framework in Frameworks */ = {isa = PBXBuildFile; fileRef = B9DAF4EF1A2CE50700952A65 /* SceneKit.framework */; };
		EC59EFB21A3E6E74005DD31C /* UIButtonBarRefresh.png in Resources */ = {isa = PBXBuildFile; fileRef = EC59EFB11A3E6E74005DD31C /* UIButtonBarRefresh.png */; };
		EC81B33F1A3D35BA0049B451 /* sk3tchLoaderHeader.png in Resources */ = {isa = PBXBuildFile; fileRef = EC81B33E1A3D35BA0049B451 /* sk3tchLoaderHeader.png */; };
		EC81B3411A3D35E40049B451 /* sk3tchLoaderCorner.png in Resources */ = {isa = PBXBuildFile; fileRef = EC81B3401A3D35E40049B451 /* sk3tchLoaderCorner.png */; };
		EC952A321A0AC90B00A4549A /* AppDelegate.swift in Sources */ = {isa = PBXBuildFile; fileRef = EC952A311A0AC90B00A4549A /* AppDelegate.swift */; };
		EC952A351A0AC90B00A4549A /* sk3tch.xcdatamodeld in Sources */ = {isa = PBXBuildFile; fileRef = EC952A331A0AC90B00A4549A /* sk3tch.xcdatamodeld */; };
		EC952A371A0AC90B00A4549A /* ViewController.swift in Sources */ = {isa = PBXBuildFile; fileRef = EC952A361A0AC90B00A4549A /* ViewController.swift */; };
		EC952A3A1A0AC90C00A4549A /* Main.storyboard in Resources */ = {isa = PBXBuildFile; fileRef = EC952A381A0AC90C00A4549A /* Main.storyboard */; };
		EC952A3C1A0AC90C00A4549A /* Images.xcassets in Resources */ = {isa = PBXBuildFile; fileRef = EC952A3B1A0AC90C00A4549A /* Images.xcassets */; };
		EC952A3F1A0AC90C00A4549A /* LaunchScreen.xib in Resources */ = {isa = PBXBuildFile; fileRef = EC952A3D1A0AC90C00A4549A /* LaunchScreen.xib */; };
		EC952A4B1A0AC90C00A4549A /* sk3tchTests.swift in Sources */ = {isa = PBXBuildFile; fileRef = EC952A4A1A0AC90C00A4549A /* sk3tchTests.swift */; };
/* End PBXBuildFile section */

/* Begin PBXContainerItemProxy section */
		EC952A451A0AC90C00A4549A /* PBXContainerItemProxy */ = {
			isa = PBXContainerItemProxy;
			containerPortal = EC952A241A0AC90B00A4549A /* Project object */;
			proxyType = 1;
			remoteGlobalIDString = EC952A2B1A0AC90B00A4549A;
			remoteInfo = sk3tch;
		};
/* End PBXContainerItemProxy section */

/* Begin PBXFileReference section */
		B9AC65BB1A1144FF00144224 /* NodeCalculator.swift */ = {isa = PBXFileReference; fileEncoding = 4; lastKnownFileType = sourcecode.swift; path = NodeCalculator.swift; sourceTree = "<group>"; };
		B9AC65C01A11557A00144224 /* Shape.swift */ = {isa = PBXFileReference; fileEncoding = 4; lastKnownFileType = sourcecode.swift; path = Shape.swift; sourceTree = "<group>"; };
		B9DAF4ED1A2CE04A00952A65 /* PrimitiveScene.swift */ = {isa = PBXFileReference; fileEncoding = 4; lastKnownFileType = sourcecode.swift; name = PrimitiveScene.swift; path = ../PrimitiveScene.swift; sourceTree = "<group>"; };
		B9DAF4EF1A2CE50700952A65 /* SceneKit.framework */ = {isa = PBXFileReference; lastKnownFileType = wrapper.framework; name = SceneKit.framework; path = System/Library/Frameworks/SceneKit.framework; sourceTree = SDKROOT; };
		EC59EFB11A3E6E74005DD31C /* UIButtonBarRefresh.png */ = {isa = PBXFileReference; lastKnownFileType = image.png; path = UIButtonBarRefresh.png; sourceTree = "<group>"; };
		EC81B33E1A3D35BA0049B451 /* sk3tchLoaderHeader.png */ = {isa = PBXFileReference; lastKnownFileType = image.png; path = sk3tchLoaderHeader.png; sourceTree = "<group>"; };
		EC81B3401A3D35E40049B451 /* sk3tchLoaderCorner.png */ = {isa = PBXFileReference; lastKnownFileType = image.png; path = sk3tchLoaderCorner.png; sourceTree = "<group>"; };
		EC952A2C1A0AC90B00A4549A /* sk3tch.app */ = {isa = PBXFileReference; explicitFileType = wrapper.application; includeInIndex = 0; path = sk3tch.app; sourceTree = BUILT_PRODUCTS_DIR; };
		EC952A301A0AC90B00A4549A /* Info.plist */ = {isa = PBXFileReference; lastKnownFileType = text.plist.xml; path = Info.plist; sourceTree = "<group>"; };
		EC952A311A0AC90B00A4549A /* AppDelegate.swift */ = {isa = PBXFileReference; lastKnownFileType = sourcecode.swift; path = AppDelegate.swift; sourceTree = "<group>"; };
		EC952A341A0AC90B00A4549A /* sk3tch.xcdatamodel */ = {isa = PBXFileReference; lastKnownFileType = wrapper.xcdatamodel; path = sk3tch.xcdatamodel; sourceTree = "<group>"; };
		EC952A361A0AC90B00A4549A /* ViewController.swift */ = {isa = PBXFileReference; lastKnownFileType = sourcecode.swift; path = ViewController.swift; sourceTree = "<group>"; };
		EC952A391A0AC90C00A4549A /* Base */ = {isa = PBXFileReference; lastKnownFileType = file.storyboard; name = Base; path = Base.lproj/Main.storyboard; sourceTree = "<group>"; };
		EC952A3B1A0AC90C00A4549A /* Images.xcassets */ = {isa = PBXFileReference; lastKnownFileType = folder.assetcatalog; path = Images.xcassets; sourceTree = "<group>"; };
		EC952A3E1A0AC90C00A4549A /* Base */ = {isa = PBXFileReference; lastKnownFileType = file.xib; name = Base; path = Base.lproj/LaunchScreen.xib; sourceTree = "<group>"; };
		EC952A441A0AC90C00A4549A /* sk3tchTests.xctest */ = {isa = PBXFileReference; explicitFileType = wrapper.cfbundle; includeInIndex = 0; path = sk3tchTests.xctest; sourceTree = BUILT_PRODUCTS_DIR; };
		EC952A491A0AC90C00A4549A /* Info.plist */ = {isa = PBXFileReference; lastKnownFileType = text.plist.xml; path = Info.plist; sourceTree = "<group>"; };
		EC952A4A1A0AC90C00A4549A /* sk3tchTests.swift */ = {isa = PBXFileReference; lastKnownFileType = sourcecode.swift; path = sk3tchTests.swift; sourceTree = "<group>"; };
/* End PBXFileReference section */

/* Begin PBXFrameworksBuildPhase section */
		EC952A291A0AC90B00A4549A /* Frameworks */ = {
			isa = PBXFrameworksBuildPhase;
			buildActionMask = 2147483647;
			files = (
				B9DAF4F01A2CE50700952A65 /* SceneKit.framework in Frameworks */,
			);
			runOnlyForDeploymentPostprocessing = 0;
		};
		EC952A411A0AC90C00A4549A /* Frameworks */ = {
			isa = PBXFrameworksBuildPhase;
			buildActionMask = 2147483647;
			files = (
			);
			runOnlyForDeploymentPostprocessing = 0;
		};
/* End PBXFrameworksBuildPhase section */

/* Begin PBXGroup section */
		B9AC65BF1A11556400144224 /* ShapeModel */ = {
			isa = PBXGroup;
			children = (
				B9AC65C01A11557A00144224 /* Shape.swift */,
			);
			name = ShapeModel;
			sourceTree = "<group>";
		};
		EC952A231A0AC90B00A4549A = {
			isa = PBXGroup;
			children = (
				B9DAF4EF1A2CE50700952A65 /* SceneKit.framework */,
				EC952A2E1A0AC90B00A4549A /* sk3tch */,
				EC952A471A0AC90C00A4549A /* sk3tchTests */,
				EC952A2D1A0AC90B00A4549A /* Products */,
			);
			sourceTree = "<group>";
		};
		EC952A2D1A0AC90B00A4549A /* Products */ = {
			isa = PBXGroup;
			children = (
				EC952A2C1A0AC90B00A4549A /* sk3tch.app */,
				EC952A441A0AC90C00A4549A /* sk3tchTests.xctest */,
			);
			name = Products;
			sourceTree = "<group>";
		};
		EC952A2E1A0AC90B00A4549A /* sk3tch */ = {
			isa = PBXGroup;
			children = (
				EC59EFB11A3E6E74005DD31C /* UIButtonBarRefresh.png */,
				EC81B3401A3D35E40049B451 /* sk3tchLoaderCorner.png */,
				EC81B33E1A3D35BA0049B451 /* sk3tchLoaderHeader.png */,
				B9DAF4ED1A2CE04A00952A65 /* PrimitiveScene.swift */,
				B9AC65BF1A11556400144224 /* ShapeModel */,
				EC952A311A0AC90B00A4549A /* AppDelegate.swift */,
				EC952A361A0AC90B00A4549A /* ViewController.swift */,
				EC952A381A0AC90C00A4549A /* Main.storyboard */,
				EC952A3B1A0AC90C00A4549A /* Images.xcassets */,
				EC952A3D1A0AC90C00A4549A /* LaunchScreen.xib */,
				EC952A331A0AC90B00A4549A /* sk3tch.xcdatamodeld */,
				EC952A2F1A0AC90B00A4549A /* Supporting Files */,
				B9AC65BB1A1144FF00144224 /* NodeCalculator.swift */,
			);
			path = sk3tch;
			sourceTree = "<group>";
		};
		EC952A2F1A0AC90B00A4549A /* Supporting Files */ = {
			isa = PBXGroup;
			children = (
				EC952A301A0AC90B00A4549A /* Info.plist */,
			);
			name = "Supporting Files";
			sourceTree = "<group>";
		};
		EC952A471A0AC90C00A4549A /* sk3tchTests */ = {
			isa = PBXGroup;
			children = (
				EC952A4A1A0AC90C00A4549A /* sk3tchTests.swift */,
				EC952A481A0AC90C00A4549A /* Supporting Files */,
			);
			path = sk3tchTests;
			sourceTree = "<group>";
		};
		EC952A481A0AC90C00A4549A /* Supporting Files */ = {
			isa = PBXGroup;
			children = (
				EC952A491A0AC90C00A4549A /* Info.plist */,
			);
			name = "Supporting Files";
			sourceTree = "<group>";
		};
/* End PBXGroup section */

/* Begin PBXNativeTarget section */
		EC952A2B1A0AC90B00A4549A /* sk3tch */ = {
			isa = PBXNativeTarget;
			buildConfigurationList = EC952A4E1A0AC90C00A4549A /* Build configuration list for PBXNativeTarget "sk3tch" */;
			buildPhases = (
				EC952A281A0AC90B00A4549A /* Sources */,
				EC952A291A0AC90B00A4549A /* Frameworks */,
				EC952A2A1A0AC90B00A4549A /* Resources */,
			);
			buildRules = (
			);
			dependencies = (
			);
			name = sk3tch;
			productName = sk3tch;
			productReference = EC952A2C1A0AC90B00A4549A /* sk3tch.app */;
			productType = "com.apple.product-type.application";
		};
		EC952A431A0AC90C00A4549A /* sk3tchTests */ = {
			isa = PBXNativeTarget;
			buildConfigurationList = EC952A511A0AC90C00A4549A /* Build configuration list for PBXNativeTarget "sk3tchTests" */;
			buildPhases = (
				EC952A401A0AC90C00A4549A /* Sources */,
				EC952A411A0AC90C00A4549A /* Frameworks */,
				EC952A421A0AC90C00A4549A /* Resources */,
			);
			buildRules = (
			);
			dependencies = (
				EC952A461A0AC90C00A4549A /* PBXTargetDependency */,
			);
			name = sk3tchTests;
			productName = sk3tchTests;
			productReference = EC952A441A0AC90C00A4549A /* sk3tchTests.xctest */;
			productType = "com.apple.product-type.bundle.unit-test";
		};
/* End PBXNativeTarget section */

/* Begin PBXProject section */
		EC952A241A0AC90B00A4549A /* Project object */ = {
			isa = PBXProject;
			attributes = {
				LastUpgradeCheck = 0610;
				ORGANIZATIONNAME = "Giovanna Diaz";
				TargetAttributes = {
					EC952A2B1A0AC90B00A4549A = {
						CreatedOnToolsVersion = 6.1;
					};
					EC952A431A0AC90C00A4549A = {
						CreatedOnToolsVersion = 6.1;
						TestTargetID = EC952A2B1A0AC90B00A4549A;
					};
				};
			};
			buildConfigurationList = EC952A271A0AC90B00A4549A /* Build configuration list for PBXProject "sk3tch" */;
			compatibilityVersion = "Xcode 3.2";
			developmentRegion = English;
			hasScannedForEncodings = 0;
			knownRegions = (
				en,
				Base,
			);
			mainGroup = EC952A231A0AC90B00A4549A;
			productRefGroup = EC952A2D1A0AC90B00A4549A /* Products */;
			projectDirPath = "";
			projectRoot = "";
			targets = (
				EC952A2B1A0AC90B00A4549A /* sk3tch */,
				EC952A431A0AC90C00A4549A /* sk3tchTests */,
			);
		};
/* End PBXProject section */

/* Begin PBXResourcesBuildPhase section */
		EC952A2A1A0AC90B00A4549A /* Resources */ = {
			isa = PBXResourcesBuildPhase;
			buildActionMask = 2147483647;
			files = (
				EC952A3A1A0AC90C00A4549A /* Main.storyboard in Resources */,
				EC59EFB21A3E6E74005DD31C /* UIButtonBarRefresh.png in Resources */,
				EC81B33F1A3D35BA0049B451 /* sk3tchLoaderHeader.png in Resources */,
				EC952A3F1A0AC90C00A4549A /* LaunchScreen.xib in Resources */,
				EC952A3C1A0AC90C00A4549A /* Images.xcassets in Resources */,
				EC81B3411A3D35E40049B451 /* sk3tchLoaderCorner.png in Resources */,
			);
			runOnlyForDeploymentPostprocessing = 0;
		};
		EC952A421A0AC90C00A4549A /* Resources */ = {
			isa = PBXResourcesBuildPhase;
			buildActionMask = 2147483647;
			files = (
			);
			runOnlyForDeploymentPostprocessing = 0;
		};
/* End PBXResourcesBuildPhase section */

/* Begin PBXSourcesBuildPhase section */
		EC952A281A0AC90B00A4549A /* Sources */ = {
			isa = PBXSourcesBuildPhase;
			buildActionMask = 2147483647;
			files = (
				B9DAF4EE1A2CE04A00952A65 /* PrimitiveScene.swift in Sources */,
				EC952A371A0AC90B00A4549A /* ViewController.swift in Sources */,
				B9AC65C11A11557A00144224 /* Shape.swift in Sources */,
				B9AC65BC1A1144FF00144224 /* NodeCalculator.swift in Sources */,
				EC952A321A0AC90B00A4549A /* AppDelegate.swift in Sources */,
				EC952A351A0AC90B00A4549A /* sk3tch.xcdatamodeld in Sources */,
			);
			runOnlyForDeploymentPostprocessing = 0;
		};
		EC952A401A0AC90C00A4549A /* Sources */ = {
			isa = PBXSourcesBuildPhase;
			buildActionMask = 2147483647;
			files = (
				EC952A4B1A0AC90C00A4549A /* sk3tchTests.swift in Sources */,
			);
			runOnlyForDeploymentPostprocessing = 0;
		};
/* End PBXSourcesBuildPhase section */

/* Begin PBXTargetDependency section */
		EC952A461A0AC90C00A4549A /* PBXTargetDependency */ = {
			isa = PBXTargetDependency;
			target = EC952A2B1A0AC90B00A4549A /* sk3tch */;
			targetProxy = EC952A451A0AC90C00A4549A /* PBXContainerItemProxy */;
		};
/* End PBXTargetDependency section */

/* Begin PBXVariantGroup section */
		EC952A381A0AC90C00A4549A /* Main.storyboard */ = {
			isa = PBXVariantGroup;
			children = (
				EC952A391A0AC90C00A4549A /* Base */,
			);
			name = Main.storyboard;
			sourceTree = "<group>";
		};
		EC952A3D1A0AC90C00A4549A /* LaunchScreen.xib */ = {
			isa = PBXVariantGroup;
			children = (
				EC952A3E1A0AC90C00A4549A /* Base */,
			);
			name = LaunchScreen.xib;
			sourceTree = "<group>";
		};
/* End PBXVariantGroup section */

/* Begin XCBuildConfiguration section */
		EC952A4C1A0AC90C00A4549A /* Debug */ = {
			isa = XCBuildConfiguration;
			buildSettings = {
				ALWAYS_SEARCH_USER_PATHS = NO;
				CLANG_CXX_LANGUAGE_STANDARD = "gnu++0x";
				CLANG_CXX_LIBRARY = "libc++";
				CLANG_ENABLE_MODULES = YES;
				CLANG_ENABLE_OBJC_ARC = YES;
				CLANG_WARN_BOOL_CONVERSION = YES;
				CLANG_WARN_CONSTANT_CONVERSION = YES;
				CLANG_WARN_DIRECT_OBJC_ISA_USAGE = YES_ERROR;
				CLANG_WARN_EMPTY_BODY = YES;
				CLANG_WARN_ENUM_CONVERSION = YES;
				CLANG_WARN_INT_CONVERSION = YES;
				CLANG_WARN_OBJC_ROOT_CLASS = YES_ERROR;
				CLANG_WARN_UNREACHABLE_CODE = YES;
				CLANG_WARN__DUPLICATE_METHOD_MATCH = YES;
				"CODE_SIGN_IDENTITY[sdk=iphoneos*]" = "iPhone Developer";
				COPY_PHASE_STRIP = NO;
				ENABLE_STRICT_OBJC_MSGSEND = YES;
				GCC_C_LANGUAGE_STANDARD = gnu99;
				GCC_DYNAMIC_NO_PIC = NO;
				GCC_OPTIMIZATION_LEVEL = 0;
				GCC_PREPROCESSOR_DEFINITIONS = (
					"DEBUG=1",
					"$(inherited)",
				);
				GCC_SYMBOLS_PRIVATE_EXTERN = NO;
				GCC_WARN_64_TO_32_BIT_CONVERSION = YES;
				GCC_WARN_ABOUT_RETURN_TYPE = YES_ERROR;
				GCC_WARN_UNDECLARED_SELECTOR = YES;
				GCC_WARN_UNINITIALIZED_AUTOS = YES_AGGRESSIVE;
				GCC_WARN_UNUSED_FUNCTION = YES;
				GCC_WARN_UNUSED_VARIABLE = YES;
				IPHONEOS_DEPLOYMENT_TARGET = 8.1;
				MTL_ENABLE_DEBUG_INFO = YES;
				ONLY_ACTIVE_ARCH = YES;
				SDKROOT = iphoneos;
				SWIFT_OPTIMIZATION_LEVEL = "-Onone";
			};
			name = Debug;
		};
		EC952A4D1A0AC90C00A4549A /* Release */ = {
			isa = XCBuildConfiguration;
			buildSettings = {
				ALWAYS_SEARCH_USER_PATHS = NO;
				CLANG_CXX_LANGUAGE_STANDARD = "gnu++0x";
				CLANG_CXX_LIBRARY = "libc++";
				CLANG_ENABLE_MODULES = YES;
				CLANG_ENABLE_OBJC_ARC = YES;
				CLANG_WARN_BOOL_CONVERSION = YES;
				CLANG_WARN_CONSTANT_CONVERSION = YES;
				CLANG_WARN_DIRECT_OBJC_ISA_USAGE = YES_ERROR;
				CLANG_WARN_EMPTY_BODY = YES;
				CLANG_WARN_ENUM_CONVERSION = YES;
				CLANG_WARN_INT_CONVERSION = YES;
				CLANG_WARN_OBJC_ROOT_CLASS = YES_ERROR;
				CLANG_WARN_UNREACHABLE_CODE = YES;
				CLANG_WARN__DUPLICATE_METHOD_MATCH = YES;
				"CODE_SIGN_IDENTITY[sdk=iphoneos*]" = "iPhone Developer";
				COPY_PHASE_STRIP = YES;
				ENABLE_NS_ASSERTIONS = NO;
				ENABLE_STRICT_OBJC_MSGSEND = YES;
				GCC_C_LANGUAGE_STANDARD = gnu99;
				GCC_WARN_64_TO_32_BIT_CONVERSION = YES;
				GCC_WARN_ABOUT_RETURN_TYPE = YES_ERROR;
				GCC_WARN_UNDECLARED_SELECTOR = YES;
				GCC_WARN_UNINITIALIZED_AUTOS = YES_AGGRESSIVE;
				GCC_WARN_UNUSED_FUNCTION = YES;
				GCC_WARN_UNUSED_VARIABLE = YES;
				IPHONEOS_DEPLOYMENT_TARGET = 8.1;
				MTL_ENABLE_DEBUG_INFO = NO;
				SDKROOT = iphoneos;
				VALIDATE_PRODUCT = YES;
			};
			name = Release;
		};
		EC952A4F1A0AC90C00A4549A /* Debug */ = {
			isa = XCBuildConfiguration;
			buildSettings = {
				ASSETCATALOG_COMPILER_APPICON_NAME = AppIcon;
				INFOPLIST_FILE = sk3tch/Info.plist;
				LD_RUNPATH_SEARCH_PATHS = "$(inherited) @executable_path/Frameworks";
				PRODUCT_NAME = "$(TARGET_NAME)";
			};
			name = Debug;
		};
		EC952A501A0AC90C00A4549A /* Release */ = {
			isa = XCBuildConfiguration;
			buildSettings = {
				ASSETCATALOG_COMPILER_APPICON_NAME = AppIcon;
				INFOPLIST_FILE = sk3tch/Info.plist;
				LD_RUNPATH_SEARCH_PATHS = "$(inherited) @executable_path/Frameworks";
				PRODUCT_NAME = "$(TARGET_NAME)";
			};
			name = Release;
		};
		EC952A521A0AC90C00A4549A /* Debug */ = {
			isa = XCBuildConfiguration;
			buildSettings = {
				BUNDLE_LOADER = "$(TEST_HOST)";
				FRAMEWORK_SEARCH_PATHS = (
					"$(SDKROOT)/Developer/Library/Frameworks",
					"$(inherited)",
				);
				GCC_PREPROCESSOR_DEFINITIONS = (
					"DEBUG=1",
					"$(inherited)",
				);
				INFOPLIST_FILE = sk3tchTests/Info.plist;
				LD_RUNPATH_SEARCH_PATHS = "$(inherited) @executable_path/Frameworks @loader_path/Frameworks";
				PRODUCT_NAME = "$(TARGET_NAME)";
				TEST_HOST = "$(BUILT_PRODUCTS_DIR)/sk3tch.app/sk3tch";
			};
			name = Debug;
		};
		EC952A531A0AC90C00A4549A /* Release */ = {
			isa = XCBuildConfiguration;
			buildSettings = {
				BUNDLE_LOADER = "$(TEST_HOST)";
				FRAMEWORK_SEARCH_PATHS = (
					"$(SDKROOT)/Developer/Library/Frameworks",
					"$(inherited)",
				);
				INFOPLIST_FILE = sk3tchTests/Info.plist;
				LD_RUNPATH_SEARCH_PATHS = "$(inherited) @executable_path/Frameworks @loader_path/Frameworks";
				PRODUCT_NAME = "$(TARGET_NAME)";
				TEST_HOST = "$(BUILT_PRODUCTS_DIR)/sk3tch.app/sk3tch";
			};
			name = Release;
		};
/* End XCBuildConfiguration section */

/* Begin XCConfigurationList section */
		EC952A271A0AC90B00A4549A /* Build configuration list for PBXProject "sk3tch" */ = {
			isa = XCConfigurationList;
			buildConfigurations = (
				EC952A4C1A0AC90C00A4549A /* Debug */,
				EC952A4D1A0AC90C00A4549A /* Release */,
			);
			defaultConfigurationIsVisible = 0;
			defaultConfigurationName = Release;
		};
		EC952A4E1A0AC90C00A4549A /* Build configuration list for PBXNativeTarget "sk3tch" */ = {
			isa = XCConfigurationList;
			buildConfigurations = (
				EC952A4F1A0AC90C00A4549A /* Debug */,
				EC952A501A0AC90C00A4549A /* Release */,
			);
			defaultConfigurationIsVisible = 0;
			defaultConfigurationName = Release;
		};
		EC952A511A0AC90C00A4549A /* Build configuration list for PBXNativeTarget "sk3tchTests" */ = {
			isa = XCConfigurationList;
			buildConfigurations = (
				EC952A521A0AC90C00A4549A /* Debug */,
				EC952A531A0AC90C00A4549A /* Release */,
			);
			defaultConfigurationIsVisible = 0;
			defaultConfigurationName = Release;
		};
/* End XCConfigurationList section */

/* Begin XCVersionGroup section */
		EC952A331A0AC90B00A4549A /* sk3tch.xcdatamodeld */ = {
			isa = XCVersionGroup;
			children = (
				EC952A341A0AC90B00A4549A /* sk3tch.xcdatamodel */,
			);
			currentVersion = EC952A341A0AC90B00A4549A /* sk3tch.xcdatamodel */;
			path = sk3tch.xcdatamodeld;
			sourceTree = "<group>";
			versionGroupType = wrapper.xcdatamodel;
		};
/* End XCVersionGroup section */
	};
	rootObject = EC952A241A0AC90B00A4549A /* Project object */;
}
