// !$*UTF8*$!
{
	archiveVersion = 1;
	classes = {
	};
	objectVersion = 46;
	objects = {

/* Begin PBXBuildFile section */
		EC70EEBB1A070DA80015EE24 /* AppDelegate.swift in Sources */ = {isa = PBXBuildFile; fileRef = EC70EEBA1A070DA80015EE24 /* AppDelegate.swift */; };
		EC70EEBD1A070DA80015EE24 /* RootViewController.swift in Sources */ = {isa = PBXBuildFile; fileRef = EC70EEBC1A070DA80015EE24 /* RootViewController.swift */; };
		EC70EEBF1A070DA80015EE24 /* DataViewController.swift in Sources */ = {isa = PBXBuildFile; fileRef = EC70EEBE1A070DA80015EE24 /* DataViewController.swift */; };
		EC70EEC11A070DA80015EE24 /* ModelController.swift in Sources */ = {isa = PBXBuildFile; fileRef = EC70EEC01A070DA80015EE24 /* ModelController.swift */; };
		EC70EEC41A070DA80015EE24 /* Main.storyboard in Resources */ = {isa = PBXBuildFile; fileRef = EC70EEC21A070DA80015EE24 /* Main.storyboard */; };
		EC70EEC61A070DA80015EE24 /* Images.xcassets in Resources */ = {isa = PBXBuildFile; fileRef = EC70EEC51A070DA80015EE24 /* Images.xcassets */; };
		EC70EEC91A070DA80015EE24 /* LaunchScreen.xib in Resources */ = {isa = PBXBuildFile; fileRef = EC70EEC71A070DA80015EE24 /* LaunchScreen.xib */; };
		EC70EED51A070DA80015EE24 /* sk3tchTests.swift in Sources */ = {isa = PBXBuildFile; fileRef = EC70EED41A070DA80015EE24 /* sk3tchTests.swift */; };
/* End PBXBuildFile section */

/* Begin PBXContainerItemProxy section */
		EC70EECF1A070DA80015EE24 /* PBXContainerItemProxy */ = {
			isa = PBXContainerItemProxy;
			containerPortal = EC70EEAD1A070DA80015EE24 /* Project object */;
			proxyType = 1;
			remoteGlobalIDString = EC70EEB41A070DA80015EE24;
			remoteInfo = sk3tch;
		};
/* End PBXContainerItemProxy section */

/* Begin PBXFileReference section */
		EC70EEB51A070DA80015EE24 /* sk3tch.app */ = {isa = PBXFileReference; explicitFileType = wrapper.application; includeInIndex = 0; path = sk3tch.app; sourceTree = BUILT_PRODUCTS_DIR; };
		EC70EEB91A070DA80015EE24 /* Info.plist */ = {isa = PBXFileReference; lastKnownFileType = text.plist.xml; path = Info.plist; sourceTree = "<group>"; };
		EC70EEBA1A070DA80015EE24 /* AppDelegate.swift */ = {isa = PBXFileReference; lastKnownFileType = sourcecode.swift; path = AppDelegate.swift; sourceTree = "<group>"; };
		EC70EEBC1A070DA80015EE24 /* RootViewController.swift */ = {isa = PBXFileReference; lastKnownFileType = sourcecode.swift; path = RootViewController.swift; sourceTree = "<group>"; };
		EC70EEBE1A070DA80015EE24 /* DataViewController.swift */ = {isa = PBXFileReference; lastKnownFileType = sourcecode.swift; path = DataViewController.swift; sourceTree = "<group>"; };
		EC70EEC01A070DA80015EE24 /* ModelController.swift */ = {isa = PBXFileReference; lastKnownFileType = sourcecode.swift; path = ModelController.swift; sourceTree = "<group>"; };
		EC70EEC31A070DA80015EE24 /* Base */ = {isa = PBXFileReference; lastKnownFileType = file.storyboard; name = Base; path = Base.lproj/Main.storyboard; sourceTree = "<group>"; };
		EC70EEC51A070DA80015EE24 /* Images.xcassets */ = {isa = PBXFileReference; lastKnownFileType = folder.assetcatalog; path = Images.xcassets; sourceTree = "<group>"; };
		EC70EEC81A070DA80015EE24 /* Base */ = {isa = PBXFileReference; lastKnownFileType = file.xib; name = Base; path = Base.lproj/LaunchScreen.xib; sourceTree = "<group>"; };
		EC70EECE1A070DA80015EE24 /* sk3tchTests.xctest */ = {isa = PBXFileReference; explicitFileType = wrapper.cfbundle; includeInIndex = 0; path = sk3tchTests.xctest; sourceTree = BUILT_PRODUCTS_DIR; };
		EC70EED31A070DA80015EE24 /* Info.plist */ = {isa = PBXFileReference; lastKnownFileType = text.plist.xml; path = Info.plist; sourceTree = "<group>"; };
		EC70EED41A070DA80015EE24 /* sk3tchTests.swift */ = {isa = PBXFileReference; lastKnownFileType = sourcecode.swift; path = sk3tchTests.swift; sourceTree = "<group>"; };
/* End PBXFileReference section */

/* Begin PBXFrameworksBuildPhase section */
		EC70EEB21A070DA80015EE24 /* Frameworks */ = {
			isa = PBXFrameworksBuildPhase;
			buildActionMask = 2147483647;
			files = (
			);
			runOnlyForDeploymentPostprocessing = 0;
		};
		EC70EECB1A070DA80015EE24 /* Frameworks */ = {
			isa = PBXFrameworksBuildPhase;
			buildActionMask = 2147483647;
			files = (
			);
			runOnlyForDeploymentPostprocessing = 0;
		};
/* End PBXFrameworksBuildPhase section */

/* Begin PBXGroup section */
		EC70EEAC1A070DA80015EE24 = {
			isa = PBXGroup;
			children = (
				EC70EEB71A070DA80015EE24 /* sk3tch */,
				EC70EED11A070DA80015EE24 /* sk3tchTests */,
				EC70EEB61A070DA80015EE24 /* Products */,
			);
			sourceTree = "<group>";
		};
		EC70EEB61A070DA80015EE24 /* Products */ = {
			isa = PBXGroup;
			children = (
				EC70EEB51A070DA80015EE24 /* sk3tch.app */,
				EC70EECE1A070DA80015EE24 /* sk3tchTests.xctest */,
			);
			name = Products;
			sourceTree = "<group>";
		};
		EC70EEB71A070DA80015EE24 /* sk3tch */ = {
			isa = PBXGroup;
			children = (
				EC70EEBA1A070DA80015EE24 /* AppDelegate.swift */,
				EC70EEBC1A070DA80015EE24 /* RootViewController.swift */,
				EC70EEBE1A070DA80015EE24 /* DataViewController.swift */,
				EC70EEC01A070DA80015EE24 /* ModelController.swift */,
				EC70EEC21A070DA80015EE24 /* Main.storyboard */,
				EC70EEC51A070DA80015EE24 /* Images.xcassets */,
				EC70EEC71A070DA80015EE24 /* LaunchScreen.xib */,
				EC70EEB81A070DA80015EE24 /* Supporting Files */,
			);
			path = sk3tch;
			sourceTree = "<group>";
		};
		EC70EEB81A070DA80015EE24 /* Supporting Files */ = {
			isa = PBXGroup;
			children = (
				EC70EEB91A070DA80015EE24 /* Info.plist */,
			);
			name = "Supporting Files";
			sourceTree = "<group>";
		};
		EC70EED11A070DA80015EE24 /* sk3tchTests */ = {
			isa = PBXGroup;
			children = (
				EC70EED41A070DA80015EE24 /* sk3tchTests.swift */,
				EC70EED21A070DA80015EE24 /* Supporting Files */,
			);
			path = sk3tchTests;
			sourceTree = "<group>";
		};
		EC70EED21A070DA80015EE24 /* Supporting Files */ = {
			isa = PBXGroup;
			children = (
				EC70EED31A070DA80015EE24 /* Info.plist */,
			);
			name = "Supporting Files";
			sourceTree = "<group>";
		};
/* End PBXGroup section */

/* Begin PBXNativeTarget section */
		EC70EEB41A070DA80015EE24 /* sk3tch */ = {
			isa = PBXNativeTarget;
			buildConfigurationList = EC70EED81A070DA80015EE24 /* Build configuration list for PBXNativeTarget "sk3tch" */;
			buildPhases = (
				EC70EEB11A070DA80015EE24 /* Sources */,
				EC70EEB21A070DA80015EE24 /* Frameworks */,
				EC70EEB31A070DA80015EE24 /* Resources */,
			);
			buildRules = (
			);
			dependencies = (
			);
			name = sk3tch;
			productName = sk3tch;
			productReference = EC70EEB51A070DA80015EE24 /* sk3tch.app */;
			productType = "com.apple.product-type.application";
		};
		EC70EECD1A070DA80015EE24 /* sk3tchTests */ = {
			isa = PBXNativeTarget;
			buildConfigurationList = EC70EEDB1A070DA80015EE24 /* Build configuration list for PBXNativeTarget "sk3tchTests" */;
			buildPhases = (
				EC70EECA1A070DA80015EE24 /* Sources */,
				EC70EECB1A070DA80015EE24 /* Frameworks */,
				EC70EECC1A070DA80015EE24 /* Resources */,
			);
			buildRules = (
			);
			dependencies = (
				EC70EED01A070DA80015EE24 /* PBXTargetDependency */,
			);
			name = sk3tchTests;
			productName = sk3tchTests;
			productReference = EC70EECE1A070DA80015EE24 /* sk3tchTests.xctest */;
			productType = "com.apple.product-type.bundle.unit-test";
		};
/* End PBXNativeTarget section */

/* Begin PBXProject section */
		EC70EEAD1A070DA80015EE24 /* Project object */ = {
			isa = PBXProject;
			attributes = {
				LastUpgradeCheck = 0610;
				ORGANIZATIONNAME = "Giovanna Diaz";
				TargetAttributes = {
					EC70EEB41A070DA80015EE24 = {
						CreatedOnToolsVersion = 6.1;
					};
					EC70EECD1A070DA80015EE24 = {
						CreatedOnToolsVersion = 6.1;
						TestTargetID = EC70EEB41A070DA80015EE24;
					};
				};
			};
			buildConfigurationList = EC70EEB01A070DA80015EE24 /* Build configuration list for PBXProject "sk3tch" */;
			compatibilityVersion = "Xcode 3.2";
			developmentRegion = English;
			hasScannedForEncodings = 0;
			knownRegions = (
				en,
				Base,
			);
			mainGroup = EC70EEAC1A070DA80015EE24;
			productRefGroup = EC70EEB61A070DA80015EE24 /* Products */;
			projectDirPath = "";
			projectRoot = "";
			targets = (
				EC70EEB41A070DA80015EE24 /* sk3tch */,
				EC70EECD1A070DA80015EE24 /* sk3tchTests */,
			);
		};
/* End PBXProject section */

/* Begin PBXResourcesBuildPhase section */
		EC70EEB31A070DA80015EE24 /* Resources */ = {
			isa = PBXResourcesBuildPhase;
			buildActionMask = 2147483647;
			files = (
				EC70EEC41A070DA80015EE24 /* Main.storyboard in Resources */,
				EC70EEC91A070DA80015EE24 /* LaunchScreen.xib in Resources */,
				EC70EEC61A070DA80015EE24 /* Images.xcassets in Resources */,
			);
			runOnlyForDeploymentPostprocessing = 0;
		};
		EC70EECC1A070DA80015EE24 /* Resources */ = {
			isa = PBXResourcesBuildPhase;
			buildActionMask = 2147483647;
			files = (
			);
			runOnlyForDeploymentPostprocessing = 0;
		};
/* End PBXResourcesBuildPhase section */

/* Begin PBXSourcesBuildPhase section */
		EC70EEB11A070DA80015EE24 /* Sources */ = {
			isa = PBXSourcesBuildPhase;
			buildActionMask = 2147483647;
			files = (
				EC70EEBD1A070DA80015EE24 /* RootViewController.swift in Sources */,
				EC70EEC11A070DA80015EE24 /* ModelController.swift in Sources */,
				EC70EEBF1A070DA80015EE24 /* DataViewController.swift in Sources */,
				EC70EEBB1A070DA80015EE24 /* AppDelegate.swift in Sources */,
			);
			runOnlyForDeploymentPostprocessing = 0;
		};
		EC70EECA1A070DA80015EE24 /* Sources */ = {
			isa = PBXSourcesBuildPhase;
			buildActionMask = 2147483647;
			files = (
				EC70EED51A070DA80015EE24 /* sk3tchTests.swift in Sources */,
			);
			runOnlyForDeploymentPostprocessing = 0;
		};
/* End PBXSourcesBuildPhase section */

/* Begin PBXTargetDependency section */
		EC70EED01A070DA80015EE24 /* PBXTargetDependency */ = {
			isa = PBXTargetDependency;
			target = EC70EEB41A070DA80015EE24 /* sk3tch */;
			targetProxy = EC70EECF1A070DA80015EE24 /* PBXContainerItemProxy */;
		};
/* End PBXTargetDependency section */

/* Begin PBXVariantGroup section */
		EC70EEC21A070DA80015EE24 /* Main.storyboard */ = {
			isa = PBXVariantGroup;
			children = (
				EC70EEC31A070DA80015EE24 /* Base */,
			);
			name = Main.storyboard;
			sourceTree = "<group>";
		};
		EC70EEC71A070DA80015EE24 /* LaunchScreen.xib */ = {
			isa = PBXVariantGroup;
			children = (
				EC70EEC81A070DA80015EE24 /* Base */,
			);
			name = LaunchScreen.xib;
			sourceTree = "<group>";
		};
/* End PBXVariantGroup section */

/* Begin XCBuildConfiguration section */
		EC70EED61A070DA80015EE24 /* Debug */ = {
			isa = XCBuildConfiguration;
			buildSettings = {
				ALWAYS_SEARCH_USER_PATHS = NO;
				CLANG_CXX_LANGUAGE_STANDARD = "gnu++0x";
				CLANG_CXX_LIBRARY = "libc++";
				CLANG_ENABLE_MODULES = YES;
				CLANG_ENABLE_OBJC_ARC = YES;
				CLANG_WARN_BOOL_CONVERSION = YES;
				CLANG_WARN_CONSTANT_CONVERSION = YES;
				CLANG_WARN_DIRECT_OBJC_ISA_USAGE = YES_ERROR;
				CLANG_WARN_EMPTY_BODY = YES;
				CLANG_WARN_ENUM_CONVERSION = YES;
				CLANG_WARN_INT_CONVERSION = YES;
				CLANG_WARN_OBJC_ROOT_CLASS = YES_ERROR;
				CLANG_WARN_UNREACHABLE_CODE = YES;
				CLANG_WARN__DUPLICATE_METHOD_MATCH = YES;
				"CODE_SIGN_IDENTITY[sdk=iphoneos*]" = "iPhone Developer";
				COPY_PHASE_STRIP = NO;
				ENABLE_STRICT_OBJC_MSGSEND = YES;
				GCC_C_LANGUAGE_STANDARD = gnu99;
				GCC_DYNAMIC_NO_PIC = NO;
				GCC_OPTIMIZATION_LEVEL = 0;
				GCC_PREPROCESSOR_DEFINITIONS = (
					"DEBUG=1",
					"$(inherited)",
				);
				GCC_SYMBOLS_PRIVATE_EXTERN = NO;
				GCC_WARN_64_TO_32_BIT_CONVERSION = YES;
				GCC_WARN_ABOUT_RETURN_TYPE = YES_ERROR;
				GCC_WARN_UNDECLARED_SELECTOR = YES;
				GCC_WARN_UNINITIALIZED_AUTOS = YES_AGGRESSIVE;
				GCC_WARN_UNUSED_FUNCTION = YES;
				GCC_WARN_UNUSED_VARIABLE = YES;
				IPHONEOS_DEPLOYMENT_TARGET = 8.1;
				MTL_ENABLE_DEBUG_INFO = YES;
				ONLY_ACTIVE_ARCH = YES;
				SDKROOT = iphoneos;
				SWIFT_OPTIMIZATION_LEVEL = "-Onone";
			};
			name = Debug;
		};
		EC70EED71A070DA80015EE24 /* Release */ = {
			isa = XCBuildConfiguration;
			buildSettings = {
				ALWAYS_SEARCH_USER_PATHS = NO;
				CLANG_CXX_LANGUAGE_STANDARD = "gnu++0x";
				CLANG_CXX_LIBRARY = "libc++";
				CLANG_ENABLE_MODULES = YES;
				CLANG_ENABLE_OBJC_ARC = YES;
				CLANG_WARN_BOOL_CONVERSION = YES;
				CLANG_WARN_CONSTANT_CONVERSION = YES;
				CLANG_WARN_DIRECT_OBJC_ISA_USAGE = YES_ERROR;
				CLANG_WARN_EMPTY_BODY = YES;
				CLANG_WARN_ENUM_CONVERSION = YES;
				CLANG_WARN_INT_CONVERSION = YES;
				CLANG_WARN_OBJC_ROOT_CLASS = YES_ERROR;
				CLANG_WARN_UNREACHABLE_CODE = YES;
				CLANG_WARN__DUPLICATE_METHOD_MATCH = YES;
				"CODE_SIGN_IDENTITY[sdk=iphoneos*]" = "iPhone Developer";
				COPY_PHASE_STRIP = YES;
				ENABLE_NS_ASSERTIONS = NO;
				ENABLE_STRICT_OBJC_MSGSEND = YES;
				GCC_C_LANGUAGE_STANDARD = gnu99;
				GCC_WARN_64_TO_32_BIT_CONVERSION = YES;
				GCC_WARN_ABOUT_RETURN_TYPE = YES_ERROR;
				GCC_WARN_UNDECLARED_SELECTOR = YES;
				GCC_WARN_UNINITIALIZED_AUTOS = YES_AGGRESSIVE;
				GCC_WARN_UNUSED_FUNCTION = YES;
				GCC_WARN_UNUSED_VARIABLE = YES;
				IPHONEOS_DEPLOYMENT_TARGET = 8.1;
				MTL_ENABLE_DEBUG_INFO = NO;
				SDKROOT = iphoneos;
				VALIDATE_PRODUCT = YES;
			};
			name = Release;
		};
		EC70EED91A070DA80015EE24 /* Debug */ = {
			isa = XCBuildConfiguration;
			buildSettings = {
				ASSETCATALOG_COMPILER_APPICON_NAME = AppIcon;
				INFOPLIST_FILE = sk3tch/Info.plist;
				LD_RUNPATH_SEARCH_PATHS = "$(inherited) @executable_path/Frameworks";
				PRODUCT_NAME = "$(TARGET_NAME)";
			};
			name = Debug;
		};
		EC70EEDA1A070DA80015EE24 /* Release */ = {
			isa = XCBuildConfiguration;
			buildSettings = {
				ASSETCATALOG_COMPILER_APPICON_NAME = AppIcon;
				INFOPLIST_FILE = sk3tch/Info.plist;
				LD_RUNPATH_SEARCH_PATHS = "$(inherited) @executable_path/Frameworks";
				PRODUCT_NAME = "$(TARGET_NAME)";
			};
			name = Release;
		};
		EC70EEDC1A070DA80015EE24 /* Debug */ = {
			isa = XCBuildConfiguration;
			buildSettings = {
				BUNDLE_LOADER = "$(TEST_HOST)";
				FRAMEWORK_SEARCH_PATHS = (
					"$(SDKROOT)/Developer/Library/Frameworks",
					"$(inherited)",
				);
				GCC_PREPROCESSOR_DEFINITIONS = (
					"DEBUG=1",
					"$(inherited)",
				);
				INFOPLIST_FILE = sk3tchTests/Info.plist;
				LD_RUNPATH_SEARCH_PATHS = "$(inherited) @executable_path/Frameworks @loader_path/Frameworks";
				PRODUCT_NAME = "$(TARGET_NAME)";
				TEST_HOST = "$(BUILT_PRODUCTS_DIR)/sk3tch.app/sk3tch";
			};
			name = Debug;
		};
		EC70EEDD1A070DA80015EE24 /* Release */ = {
			isa = XCBuildConfiguration;
			buildSettings = {
				BUNDLE_LOADER = "$(TEST_HOST)";
				FRAMEWORK_SEARCH_PATHS = (
					"$(SDKROOT)/Developer/Library/Frameworks",
					"$(inherited)",
				);
				INFOPLIST_FILE = sk3tchTests/Info.plist;
				LD_RUNPATH_SEARCH_PATHS = "$(inherited) @executable_path/Frameworks @loader_path/Frameworks";
				PRODUCT_NAME = "$(TARGET_NAME)";
				TEST_HOST = "$(BUILT_PRODUCTS_DIR)/sk3tch.app/sk3tch";
			};
			name = Release;
		};
/* End XCBuildConfiguration section */

/* Begin XCConfigurationList section */
		EC70EEB01A070DA80015EE24 /* Build configuration list for PBXProject "sk3tch" */ = {
			isa = XCConfigurationList;
			buildConfigurations = (
				EC70EED61A070DA80015EE24 /* Debug */,
				EC70EED71A070DA80015EE24 /* Release */,
			);
			defaultConfigurationIsVisible = 0;
			defaultConfigurationName = Release;
		};
		EC70EED81A070DA80015EE24 /* Build configuration list for PBXNativeTarget "sk3tch" */ = {
			isa = XCConfigurationList;
			buildConfigurations = (
				EC70EED91A070DA80015EE24 /* Debug */,
				EC70EEDA1A070DA80015EE24 /* Release */,
			);
			defaultConfigurationIsVisible = 0;
		};
		EC70EEDB1A070DA80015EE24 /* Build configuration list for PBXNativeTarget "sk3tchTests" */ = {
			isa = XCConfigurationList;
			buildConfigurations = (
				EC70EEDC1A070DA80015EE24 /* Debug */,
				EC70EEDD1A070DA80015EE24 /* Release */,
			);
			defaultConfigurationIsVisible = 0;
		};
/* End XCConfigurationList section */
	};
	rootObject = EC70EEAD1A070DA80015EE24 /* Project object */;
}
